
Microsoft Visual Studio Solution File, Format Version 12.00
# Visual Studio Version 16
VisualStudioVersion = 16.0.31911.196
MinimumVisualStudioVersion = 10.0.40219.1
Project("{FAE04EC0-301F-11D3-BF4B-00C04F79EFBC}") = "TrackerLib", "TrackerLib\TrackerLib.csproj", "{75771F3F-7D86-4C52-8C11-C97DA5E880B9}"
EndProject
Project("{FAE04EC0-301F-11D3-BF4B-00C04F79EFBC}") = "TrackerUI", "TrackerUI\TrackerUI.csproj", "{A39CD193-3FE2-435C-8A47-EDC36FC2706F}"
EndProject
Global
	GlobalSection(SolutionConfigurationPlatforms) = preSolution
		Debug|Any CPU = Debug|Any CPU
		Release|Any CPU = Release|Any CPU
	EndGlobalSection
	GlobalSection(ProjectConfigurationPlatforms) = postSolution
		{75771F3F-7D86-4C52-8C11-C97DA5E880B9}.Debug|Any CPU.ActiveCfg = Debug|Any CPU
		{75771F3F-7D86-4C52-8C11-C97DA5E880B9}.Debug|Any CPU.Build.0 = Debug|Any CPU
		{75771F3F-7D86-4C52-8C11-C97DA5E880B9}.Release|Any CPU.ActiveCfg = Release|Any CPU
		{75771F3F-7D86-4C52-8C11-C97DA5E880B9}.Release|Any CPU.Build.0 = Release|Any CPU
		{A39CD193-3FE2-435C-8A47-EDC36FC2706F}.Debug|Any CPU.ActiveCfg = Debug|Any CPU
		{A39CD193-3FE2-435C-8A47-EDC36FC2706F}.Debug|Any CPU.Build.0 = Debug|Any CPU
		{A39CD193-3FE2-435C-8A47-EDC36FC2706F}.Release|Any CPU.ActiveCfg = Release|Any CPU
		{A39CD193-3FE2-435C-8A47-EDC36FC2706F}.Release|Any CPU.Build.0 = Release|Any CPU
	EndGlobalSection
	GlobalSection(SolutionProperties) = preSolution
		HideSolutionNode = FALSE
	EndGlobalSection
	GlobalSection(ExtensibilityGlobals) = postSolution
		SolutionGuid = {0F7A7F16-03BB-4214-9974-E35C12929BF3}
	EndGlobalSection
EndGlobal
